{
  "version": 4,
  "terraform_version": "1.6.4",
  "serial": 3,
  "lineage": "9dddab01-df96-e1db-a1a0-ec4dd2d037e7",
  "outputs": {},
  "resources": [
    {
      "mode": "managed",
      "type": "azurerm_storage_blob",
      "name": "sa_blob",
      "provider": "provider[\"registry.terraform.io/hashicorp/azurerm\"]",
      "instances": [
        {
          "schema_version": 1,
          "attributes": {
            "access_tier": "Cool",
            "cache_control": "",
            "content_md5": "",
            "content_type": "application/octet-stream",
            "id": "https://stgsangproductsfane0017.blob.core.windows.net/created-via-terraform-my-container-blob/my-awesome-content.zip",
            "metadata": {},
            "name": "my-awesome-content.zip",
            "parallelism": 8,
            "size": 0,
            "source": "Screensh.png",
            "source_content": null,
            "source_uri": null,
            "storage_account_name": "stgsangproductsfane0017",
            "storage_container_name": "created-via-terraform-my-container-blob",
            "timeouts": null,
            "type": "Block",
            "url": "https://stgsangproductsfane0017.blob.core.windows.net/created-via-terraform-my-container-blob/my-awesome-content.zip"
          },
          "sensitive_attributes": [],
          "private": "eyJlMmJmYjczMC1lY2FhLTExZTYtOGY4OC0zNDM2M2JjN2M0YzAiOnsiY3JlYXRlIjoxODAwMDAwMDAwMDAwLCJkZWxldGUiOjE4MDAwMDAwMDAwMDAsInJlYWQiOjMwMDAwMDAwMDAwMCwidXBkYXRlIjoxODAwMDAwMDAwMDAwfSwic2NoZW1hX3ZlcnNpb24iOiIxIn0=",
          "dependencies": [
            "azurerm_storage_container.sa_container"
          ]
        }
      ]
    },
    {
      "mode": "managed",
      "type": "azurerm_storage_container",
      "name": "sa_container",
      "provider": "provider[\"registry.terraform.io/hashicorp/azurerm\"]",
      "instances": [
        {
          "schema_version": 1,
          "attributes": {
            "container_access_type": "private",
            "has_immutability_policy": false,
            "has_legal_hold": false,
            "id": "https://stgsangproductsfane0017.blob.core.windows.net/created-via-terraform-my-container-blob",
            "metadata": {},
            "name": "created-via-terraform-my-container-blob",
            "resource_manager_id": "/subscriptions/613a1661-f77c-4c4e-ba47-59e237264e21/resourceGroups/rg-product-service-sand-ne-0017/providers/Microsoft.Storage/storageAccounts/stgsangproductsfane0017/blobServices/default/containers/created-via-terraform-my-container-blob",
            "storage_account_name": "stgsangproductsfane0017",
            "timeouts": null
          },
          "sensitive_attributes": [],
          "private": "eyJlMmJmYjczMC1lY2FhLTExZTYtOGY4OC0zNDM2M2JjN2M0YzAiOnsiY3JlYXRlIjoxODAwMDAwMDAwMDAwLCJkZWxldGUiOjE4MDAwMDAwMDAwMDAsInJlYWQiOjMwMDAwMDAwMDAwMCwidXBkYXRlIjoxODAwMDAwMDAwMDAwfSwic2NoZW1hX3ZlcnNpb24iOiIxIn0="
        }
      ]
    }
  ],
  "check_results": null
}
