{
  "version": 4,
  "terraform_version": "1.6.4",
  "serial": 9,
  "lineage": "f9f27b25-4513-60c1-cd1c-c6970dd027b1",
  "outputs": {},
  "resources": [
    {
      "mode": "managed",
      "type": "azurerm_application_insights",
      "name": "imports_service_fa",
      "provider": "provider[\"registry.terraform.io/hashicorp/azurerm\"]",
      "instances": [
        {
          "schema_version": 1,
          "attributes": {
            "app_id": "0d5043cb-8292-4670-81c8-93c377261c51",
            "application_type": "web",
            "connection_string": "InstrumentationKey=e0bd3658-162f-4ed7-af58-d5f02790f49c;IngestionEndpoint=https://northeurope-0.in.applicationinsights.azure.com/;LiveEndpoint=https://northeurope.livediagnostics.monitor.azure.com/",
            "daily_data_cap_in_gb": 100,
            "daily_data_cap_notifications_disabled": false,
            "disable_ip_masking": false,
            "force_customer_storage_for_profiler": false,
            "id": "/subscriptions/613a1661-f77c-4c4e-ba47-59e237264e21/resourceGroups/rg-import-service-sand-ne-555/providers/Microsoft.Insights/components/appins-fa-imports-service-sand-ne-555",
            "instrumentation_key": "e0bd3658-162f-4ed7-af58-d5f02790f49c",
            "internet_ingestion_enabled": true,
            "internet_query_enabled": true,
            "local_authentication_disabled": false,
            "location": "northeurope",
            "name": "appins-fa-imports-service-sand-ne-555",
            "resource_group_name": "rg-import-service-sand-ne-555",
            "retention_in_days": 90,
            "sampling_percentage": 100,
            "tags": null,
            "timeouts": null,
            "workspace_id": null
          },
          "sensitive_attributes": [],
          "private": "eyJlMmJmYjczMC1lY2FhLTExZTYtOGY4OC0zNDM2M2JjN2M0YzAiOnsiY3JlYXRlIjozNjAwMDAwMDAwMDAwLCJkZWxldGUiOjE4MDAwMDAwMDAwMDAsInJlYWQiOjMwMDAwMDAwMDAwMCwidXBkYXRlIjoxODAwMDAwMDAwMDAwfSwic2NoZW1hX3ZlcnNpb24iOiIxIn0=",
          "dependencies": [
            "azurerm_resource_group.import_service_rg"
          ]
        }
      ]
    },
    {
      "mode": "managed",
      "type": "azurerm_resource_group",
      "name": "import_service_rg",
      "provider": "provider[\"registry.terraform.io/hashicorp/azurerm\"]",
      "instances": [
        {
          "schema_version": 0,
          "attributes": {
            "id": "/subscriptions/613a1661-f77c-4c4e-ba47-59e237264e21/resourceGroups/rg-import-service-sand-ne-555",
            "location": "northeurope",
            "name": "rg-import-service-sand-ne-555",
            "tags": null,
            "timeouts": null
          },
          "sensitive_attributes": [],
          "private": "eyJlMmJmYjczMC1lY2FhLTExZTYtOGY4OC0zNDM2M2JjN2M0YzAiOnsiY3JlYXRlIjo1NDAwMDAwMDAwMDAwLCJkZWxldGUiOjU0MDAwMDAwMDAwMDAsInJlYWQiOjMwMDAwMDAwMDAwMCwidXBkYXRlIjo1NDAwMDAwMDAwMDAwfX0="
        }
      ]
    },
    {
      "mode": "managed",
      "type": "azurerm_service_plan",
      "name": "import_service_plan",
      "provider": "provider[\"registry.terraform.io/hashicorp/azurerm\"]",
      "instances": [
        {
          "schema_version": 0,
          "attributes": {
            "app_service_environment_id": "",
            "id": "/subscriptions/613a1661-f77c-4c4e-ba47-59e237264e21/resourceGroups/rg-import-service-sand-ne-555/providers/Microsoft.Web/serverfarms/asp-import-service-sand-ne-555",
            "kind": "functionapp",
            "location": "northeurope",
            "maximum_elastic_worker_count": 1,
            "name": "asp-import-service-sand-ne-555",
            "os_type": "Windows",
            "per_site_scaling_enabled": false,
            "reserved": false,
            "resource_group_name": "rg-import-service-sand-ne-555",
            "sku_name": "Y1",
            "tags": null,
            "timeouts": null,
            "worker_count": 0
          },
          "sensitive_attributes": [],
          "private": "eyJlMmJmYjczMC1lY2FhLTExZTYtOGY4OC0zNDM2M2JjN2M0YzAiOnsiY3JlYXRlIjozNjAwMDAwMDAwMDAwLCJkZWxldGUiOjM2MDAwMDAwMDAwMDAsInJlYWQiOjMwMDAwMDAwMDAwMCwidXBkYXRlIjozNjAwMDAwMDAwMDAwfX0=",
          "dependencies": [
            "azurerm_resource_group.import_service_rg"
          ]
        }
      ]
    },
    {
      "mode": "managed",
      "type": "azurerm_storage_account",
      "name": "imports_service_fa",
      "provider": "provider[\"registry.terraform.io/hashicorp/azurerm\"]",
      "instances": [
        {
          "schema_version": 3,
          "attributes": {
            "access_tier": "Hot",
            "account_kind": "StorageV2",
            "account_replication_type": "LRS",
            "account_tier": "Standard",
            "allow_nested_items_to_be_public": true,
            "azure_files_authentication": [],
            "blob_properties": [
              {
                "change_feed_enabled": false,
                "container_delete_retention_policy": [],
                "cors_rule": [],
                "default_service_version": "",
                "delete_retention_policy": [],
                "last_access_time_enabled": false,
                "versioning_enabled": false
              }
            ],
            "custom_domain": [],
            "customer_managed_key": [],
            "edge_zone": "",
            "enable_https_traffic_only": true,
            "id": "/subscriptions/613a1661-f77c-4c4e-ba47-59e237264e21/resourceGroups/rg-import-service-sand-ne-555/providers/Microsoft.Storage/storageAccounts/stgsangpimportsfane555",
            "identity": [],
            "infrastructure_encryption_enabled": false,
            "is_hns_enabled": false,
            "large_file_share_enabled": null,
            "location": "northeurope",
            "min_tls_version": "TLS1_2",
            "name": "stgsangpimportsfane555",
            "network_rules": [
              {
                "bypass": [
                  "AzureServices"
                ],
                "default_action": "Allow",
                "ip_rules": [],
                "private_link_access": [],
                "virtual_network_subnet_ids": []
              }
            ],
            "nfsv3_enabled": false,
            "primary_access_key": "jvbFQiyGHo66ivBVCV8vlgYs5Fi7aPdD/juZJKHT1T6v8L+P6rTZzBgAEsSBbGacZYcbVM7rcS7D+ASto5gfqQ==",
            "primary_blob_connection_string": "DefaultEndpointsProtocol=https;BlobEndpoint=https://stgsangpimportsfane555.blob.core.windows.net/;AccountName=stgsangpimportsfane555;AccountKey=jvbFQiyGHo66ivBVCV8vlgYs5Fi7aPdD/juZJKHT1T6v8L+P6rTZzBgAEsSBbGacZYcbVM7rcS7D+ASto5gfqQ==",
            "primary_blob_endpoint": "https://stgsangpimportsfane555.blob.core.windows.net/",
            "primary_blob_host": "stgsangpimportsfane555.blob.core.windows.net",
            "primary_connection_string": "DefaultEndpointsProtocol=https;AccountName=stgsangpimportsfane555;AccountKey=jvbFQiyGHo66ivBVCV8vlgYs5Fi7aPdD/juZJKHT1T6v8L+P6rTZzBgAEsSBbGacZYcbVM7rcS7D+ASto5gfqQ==;EndpointSuffix=core.windows.net",
            "primary_dfs_endpoint": "https://stgsangpimportsfane555.dfs.core.windows.net/",
            "primary_dfs_host": "stgsangpimportsfane555.dfs.core.windows.net",
            "primary_file_endpoint": "https://stgsangpimportsfane555.file.core.windows.net/",
            "primary_file_host": "stgsangpimportsfane555.file.core.windows.net",
            "primary_location": "northeurope",
            "primary_queue_endpoint": "https://stgsangpimportsfane555.queue.core.windows.net/",
            "primary_queue_host": "stgsangpimportsfane555.queue.core.windows.net",
            "primary_table_endpoint": "https://stgsangpimportsfane555.table.core.windows.net/",
            "primary_table_host": "stgsangpimportsfane555.table.core.windows.net",
            "primary_web_endpoint": "https://stgsangpimportsfane555.z16.web.core.windows.net/",
            "primary_web_host": "stgsangpimportsfane555.z16.web.core.windows.net",
            "queue_encryption_key_type": "Service",
            "queue_properties": [
              {
                "cors_rule": [],
                "hour_metrics": [
                  {
                    "enabled": true,
                    "include_apis": true,
                    "retention_policy_days": 7,
                    "version": "1.0"
                  }
                ],
                "logging": [
                  {
                    "delete": false,
                    "read": false,
                    "retention_policy_days": 0,
                    "version": "1.0",
                    "write": false
                  }
                ],
                "minute_metrics": [
                  {
                    "enabled": false,
                    "include_apis": false,
                    "retention_policy_days": 0,
                    "version": "1.0"
                  }
                ]
              }
            ],
            "resource_group_name": "rg-import-service-sand-ne-555",
            "routing": [],
            "secondary_access_key": "OsBvJ0eoUIw8WHEh7ohrLK6IHv5JDkYjwKH91em2d3LX+sCDXxN6mba4npXXsfYvANPTAjbnaYMQ+AStC0UWYA==",
            "secondary_blob_connection_string": "",
            "secondary_blob_endpoint": null,
            "secondary_blob_host": null,
            "secondary_connection_string": "DefaultEndpointsProtocol=https;AccountName=stgsangpimportsfane555;AccountKey=OsBvJ0eoUIw8WHEh7ohrLK6IHv5JDkYjwKH91em2d3LX+sCDXxN6mba4npXXsfYvANPTAjbnaYMQ+AStC0UWYA==;EndpointSuffix=core.windows.net",
            "secondary_dfs_endpoint": null,
            "secondary_dfs_host": null,
            "secondary_file_endpoint": null,
            "secondary_file_host": null,
            "secondary_location": "",
            "secondary_queue_endpoint": null,
            "secondary_queue_host": null,
            "secondary_table_endpoint": null,
            "secondary_table_host": null,
            "secondary_web_endpoint": null,
            "secondary_web_host": null,
            "share_properties": [
              {
                "cors_rule": [],
                "retention_policy": [
                  {
                    "days": 7
                  }
                ],
                "smb": []
              }
            ],
            "shared_access_key_enabled": true,
            "static_website": [],
            "table_encryption_key_type": "Service",
            "tags": null,
            "timeouts": null
          },
          "sensitive_attributes": [],
          "private": "eyJlMmJmYjczMC1lY2FhLTExZTYtOGY4OC0zNDM2M2JjN2M0YzAiOnsiY3JlYXRlIjozNjAwMDAwMDAwMDAwLCJkZWxldGUiOjM2MDAwMDAwMDAwMDAsInJlYWQiOjMwMDAwMDAwMDAwMCwidXBkYXRlIjozNjAwMDAwMDAwMDAwfSwic2NoZW1hX3ZlcnNpb24iOiIzIn0=",
          "dependencies": [
            "azurerm_resource_group.import_service_rg"
          ]
        }
      ]
    },
    {
      "mode": "managed",
      "type": "azurerm_storage_account",
      "name": "sa",
      "provider": "provider[\"registry.terraform.io/hashicorp/azurerm\"]",
      "instances": [
        {
          "schema_version": 3,
          "attributes": {
            "access_tier": "Cool",
            "account_kind": "StorageV2",
            "account_replication_type": "LRS",
            "account_tier": "Standard",
            "allow_nested_items_to_be_public": true,
            "azure_files_authentication": [],
            "blob_properties": [
              {
                "change_feed_enabled": false,
                "container_delete_retention_policy": [],
                "cors_rule": [],
                "default_service_version": "",
                "delete_retention_policy": [],
                "last_access_time_enabled": false,
                "versioning_enabled": false
              }
            ],
            "custom_domain": [],
            "customer_managed_key": [],
            "edge_zone": "",
            "enable_https_traffic_only": true,
            "id": "/subscriptions/613a1661-f77c-4c4e-ba47-59e237264e21/resourceGroups/rg-import-service-sand-ne-555/providers/Microsoft.Storage/storageAccounts/blobstorageaccount555",
            "identity": [],
            "infrastructure_encryption_enabled": false,
            "is_hns_enabled": false,
            "large_file_share_enabled": null,
            "location": "northeurope",
            "min_tls_version": "TLS1_2",
            "name": "blobstorageaccount555",
            "network_rules": [
              {
                "bypass": [
                  "AzureServices"
                ],
                "default_action": "Allow",
                "ip_rules": [],
                "private_link_access": [],
                "virtual_network_subnet_ids": []
              }
            ],
            "nfsv3_enabled": false,
            "primary_access_key": "L9XbQKOBsRqwyo61U+1P1fda0FMXqYg3p1bugTKjaajaUUegWgSaPopxyy8R/7kAU54WqFKGfJog+AStt+8Upg==",
            "primary_blob_connection_string": "DefaultEndpointsProtocol=https;BlobEndpoint=https://blobstorageaccount555.blob.core.windows.net/;AccountName=blobstorageaccount555;AccountKey=L9XbQKOBsRqwyo61U+1P1fda0FMXqYg3p1bugTKjaajaUUegWgSaPopxyy8R/7kAU54WqFKGfJog+AStt+8Upg==",
            "primary_blob_endpoint": "https://blobstorageaccount555.blob.core.windows.net/",
            "primary_blob_host": "blobstorageaccount555.blob.core.windows.net",
            "primary_connection_string": "DefaultEndpointsProtocol=https;AccountName=blobstorageaccount555;AccountKey=L9XbQKOBsRqwyo61U+1P1fda0FMXqYg3p1bugTKjaajaUUegWgSaPopxyy8R/7kAU54WqFKGfJog+AStt+8Upg==;EndpointSuffix=core.windows.net",
            "primary_dfs_endpoint": "https://blobstorageaccount555.dfs.core.windows.net/",
            "primary_dfs_host": "blobstorageaccount555.dfs.core.windows.net",
            "primary_file_endpoint": "https://blobstorageaccount555.file.core.windows.net/",
            "primary_file_host": "blobstorageaccount555.file.core.windows.net",
            "primary_location": "northeurope",
            "primary_queue_endpoint": "https://blobstorageaccount555.queue.core.windows.net/",
            "primary_queue_host": "blobstorageaccount555.queue.core.windows.net",
            "primary_table_endpoint": "https://blobstorageaccount555.table.core.windows.net/",
            "primary_table_host": "blobstorageaccount555.table.core.windows.net",
            "primary_web_endpoint": "https://blobstorageaccount555.z16.web.core.windows.net/",
            "primary_web_host": "blobstorageaccount555.z16.web.core.windows.net",
            "queue_encryption_key_type": "Service",
            "queue_properties": [],
            "resource_group_name": "rg-import-service-sand-ne-555",
            "routing": [],
            "secondary_access_key": "q0h0RdzsMrnulFj6ma1uVEqdcUqoAW75vMisPw0xVbLTRKwdBwKHG7iF0tcjqLosyR/wp5fx1uyx+AStOO2YGA==",
            "secondary_blob_connection_string": "",
            "secondary_blob_endpoint": null,
            "secondary_blob_host": null,
            "secondary_connection_string": "DefaultEndpointsProtocol=https;AccountName=blobstorageaccount555;AccountKey=q0h0RdzsMrnulFj6ma1uVEqdcUqoAW75vMisPw0xVbLTRKwdBwKHG7iF0tcjqLosyR/wp5fx1uyx+AStOO2YGA==;EndpointSuffix=core.windows.net",
            "secondary_dfs_endpoint": null,
            "secondary_dfs_host": null,
            "secondary_file_endpoint": null,
            "secondary_file_host": null,
            "secondary_location": "",
            "secondary_queue_endpoint": null,
            "secondary_queue_host": null,
            "secondary_table_endpoint": null,
            "secondary_table_host": null,
            "secondary_web_endpoint": null,
            "secondary_web_host": null,
            "share_properties": [
              {
                "cors_rule": [],
                "retention_policy": [
                  {
                    "days": 7
                  }
                ],
                "smb": []
              }
            ],
            "shared_access_key_enabled": true,
            "static_website": [],
            "table_encryption_key_type": "Service",
            "tags": null,
            "timeouts": null
          },
          "sensitive_attributes": [],
          "private": "eyJlMmJmYjczMC1lY2FhLTExZTYtOGY4OC0zNDM2M2JjN2M0YzAiOnsiY3JlYXRlIjozNjAwMDAwMDAwMDAwLCJkZWxldGUiOjM2MDAwMDAwMDAwMDAsInJlYWQiOjMwMDAwMDAwMDAwMCwidXBkYXRlIjozNjAwMDAwMDAwMDAwfSwic2NoZW1hX3ZlcnNpb24iOiIzIn0=",
          "dependencies": [
            "azurerm_resource_group.import_service_rg"
          ]
        }
      ]
    },
    {
      "mode": "managed",
      "type": "azurerm_storage_share",
      "name": "imports_service_fa",
      "provider": "provider[\"registry.terraform.io/hashicorp/azurerm\"]",
      "instances": [
        {
          "schema_version": 2,
          "attributes": {
            "acl": [],
            "enabled_protocol": "SMB",
            "id": "https://stgsangpimportsfane555.file.core.windows.net/fa-imports-service-share555",
            "metadata": {},
            "name": "fa-imports-service-share555",
            "quota": 2,
            "resource_manager_id": "/subscriptions/613a1661-f77c-4c4e-ba47-59e237264e21/resourceGroups/rg-import-service-sand-ne-555/providers/Microsoft.Storage/storageAccounts/stgsangpimportsfane555/fileServices/default/fileshares/fa-imports-service-share555",
            "storage_account_name": "stgsangpimportsfane555",
            "timeouts": null,
            "url": "https://stgsangpimportsfane555.file.core.windows.net/fa-imports-service-share555"
          },
          "sensitive_attributes": [],
          "private": "eyJlMmJmYjczMC1lY2FhLTExZTYtOGY4OC0zNDM2M2JjN2M0YzAiOnsiY3JlYXRlIjoxODAwMDAwMDAwMDAwLCJkZWxldGUiOjE4MDAwMDAwMDAwMDAsInJlYWQiOjMwMDAwMDAwMDAwMCwidXBkYXRlIjoxODAwMDAwMDAwMDAwfSwic2NoZW1hX3ZlcnNpb24iOiIyIn0=",
          "dependencies": [
            "azurerm_resource_group.import_service_rg",
            "azurerm_storage_account.imports_service_fa"
          ]
        }
      ]
    },
    {
      "mode": "managed",
      "type": "azurerm_windows_function_app",
      "name": "imports_service",
      "provider": "provider[\"registry.terraform.io/hashicorp/azurerm\"]",
      "instances": [
        {
          "schema_version": 0,
          "attributes": {
            "app_settings": {
              "WEBSITE_CONTENTAZUREFILECONNECTIONSTRING": "DefaultEndpointsProtocol=https;AccountName=stgsangpimportsfane555;AccountKey=jvbFQiyGHo66ivBVCV8vlgYs5Fi7aPdD/juZJKHT1T6v8L+P6rTZzBgAEsSBbGacZYcbVM7rcS7D+ASto5gfqQ==;EndpointSuffix=core.windows.net",
              "WEBSITE_CONTENTSHARE": "fa-imports-service-share555"
            },
            "auth_settings": [
              {
                "active_directory": [],
                "additional_login_parameters": {},
                "allowed_external_redirect_urls": [],
                "default_provider": "",
                "enabled": false,
                "facebook": [],
                "github": [],
                "google": [],
                "issuer": "",
                "microsoft": [],
                "runtime_version": "",
                "token_refresh_extension_hours": 0,
                "token_store_enabled": false,
                "twitter": [],
                "unauthenticated_client_action": ""
              }
            ],
            "backup": [],
            "builtin_logging_enabled": false,
            "client_certificate_enabled": false,
            "client_certificate_mode": "Optional",
            "connection_string": [],
            "content_share_force_disabled": false,
            "custom_domain_verification_id": "",
            "daily_memory_time_quota": 0,
            "default_hostname": "",
            "enabled": true,
            "functions_extension_version": "~4",
            "https_only": false,
            "id": "/subscriptions/613a1661-f77c-4c4e-ba47-59e237264e21/resourceGroups/rg-import-service-sand-ne-555/providers/Microsoft.Web/sites/fa-imports-service-ne-555",
            "identity": [],
            "key_vault_reference_identity_id": "SystemAssigned",
            "kind": "functionapp",
            "location": "northeurope",
            "name": "fa-imports-service-ne-555",
            "outbound_ip_address_list": [],
            "outbound_ip_addresses": "",
            "possible_outbound_ip_address_list": [],
            "possible_outbound_ip_addresses": "",
            "resource_group_name": "rg-import-service-sand-ne-555",
            "service_plan_id": "/subscriptions/613a1661-f77c-4c4e-ba47-59e237264e21/resourceGroups/rg-import-service-sand-ne-555/providers/Microsoft.Web/serverfarms/asp-import-service-sand-ne-555",
            "site_config": [
              {
                "always_on": false,
                "api_definition_url": "",
                "api_management_api_id": "",
                "app_command_line": "",
                "app_scale_limit": 200,
                "app_service_logs": [],
                "application_insights_connection_string": "InstrumentationKey=e0bd3658-162f-4ed7-af58-d5f02790f49c;IngestionEndpoint=https://northeurope-0.in.applicationinsights.azure.com/;LiveEndpoint=https://northeurope.livediagnostics.monitor.azure.com/",
                "application_insights_key": "e0bd3658-162f-4ed7-af58-d5f02790f49c",
                "application_stack": [
                  {
                    "dotnet_version": "",
                    "java_version": "",
                    "node_version": "~16",
                    "powershell_core_version": "",
                    "use_custom_runtime": false,
                    "use_dotnet_isolated_runtime": false
                  }
                ],
                "cors": [
                  {
                    "allowed_origins": [
                      "https://portal.azure.com"
                    ],
                    "support_credentials": false
                  }
                ],
                "default_documents": [
                  "Default.htm",
                  "Default.html",
                  "Default.asp",
                  "index.htm",
                  "index.html",
                  "iisstart.htm",
                  "default.aspx",
                  "index.php"
                ],
                "detailed_error_logging_enabled": false,
                "elastic_instance_minimum": 0,
                "ftps_state": "Disabled",
                "health_check_eviction_time_in_min": 0,
                "health_check_path": "",
                "http2_enabled": false,
                "ip_restriction": [],
                "load_balancing_mode": "LeastRequests",
                "managed_pipeline_mode": "Integrated",
                "minimum_tls_version": "1.2",
                "pre_warmed_instance_count": 0,
                "remote_debugging_enabled": false,
                "remote_debugging_version": "",
                "runtime_scale_monitoring_enabled": false,
                "scm_ip_restriction": [],
                "scm_minimum_tls_version": "1.2",
                "scm_type": "None",
                "scm_use_main_ip_restriction": false,
                "use_32_bit_worker": true,
                "vnet_route_all_enabled": false,
                "websockets_enabled": false,
                "windows_fx_version": "Node|~16",
                "worker_count": 1
              }
            ],
            "site_credential": [
              {
                "name": "$fa-imports-service-ne-555",
                "password": "z2p25fgWvd7WcnbMtTmXgi5tKk7P0kLcqxnbJAfATAYrbZaWX7CjDkMq25gG"
              }
            ],
            "storage_account_access_key": "jvbFQiyGHo66ivBVCV8vlgYs5Fi7aPdD/juZJKHT1T6v8L+P6rTZzBgAEsSBbGacZYcbVM7rcS7D+ASto5gfqQ==",
            "storage_account_name": "stgsangpimportsfane555",
            "storage_key_vault_secret_id": "",
            "storage_uses_managed_identity": false,
            "tags": null,
            "timeouts": null
          },
          "sensitive_attributes": [
            [
              {
                "type": "get_attr",
                "value": "app_settings"
              },
              {
                "type": "index",
                "value": {
                  "value": "WEBSITE_CONTENTAZUREFILECONNECTIONSTRING",
                  "type": "string"
                }
              }
            ],
            [
              {
                "type": "get_attr",
                "value": "site_config"
              },
              {
                "type": "index",
                "value": {
                  "value": 0,
                  "type": "number"
                }
              },
              {
                "type": "get_attr",
                "value": "application_insights_connection_string"
              }
            ],
            [
              {
                "type": "get_attr",
                "value": "site_config"
              },
              {
                "type": "index",
                "value": {
                  "value": 0,
                  "type": "number"
                }
              },
              {
                "type": "get_attr",
                "value": "application_insights_key"
              }
            ],
            [
              {
                "type": "get_attr",
                "value": "storage_account_access_key"
              }
            ]
          ],
          "private": "eyJlMmJmYjczMC1lY2FhLTExZTYtOGY4OC0zNDM2M2JjN2M0YzAiOnsiY3JlYXRlIjoxODAwMDAwMDAwMDAwLCJkZWxldGUiOjE4MDAwMDAwMDAwMDAsInJlYWQiOjMwMDAwMDAwMDAwMCwidXBkYXRlIjoxODAwMDAwMDAwMDAwfX0=",
          "dependencies": [
            "azurerm_application_insights.imports_service_fa",
            "azurerm_resource_group.import_service_rg",
            "azurerm_service_plan.import_service_plan",
            "azurerm_storage_account.imports_service_fa",
            "azurerm_storage_share.imports_service_fa"
          ]
        }
      ]
    }
  ],
  "check_results": null
}
